
Microsoft Visual Studio Solution File, Format Version 12.00
# Visual Studio Version 17
VisualStudioVersion = 17.2.32505.173
MinimumVisualStudioVersion = 10.0.40219.1
Project("{9A19103F-16F7-4668-BE54-9A1E7A4F7556}") = "BankSystem", "BankSystem.csproj", "{4E6982E6-E289-442F-B0E5-CDDE5EF409A0}"
EndProject
Project("{FAE04EC0-301F-11D3-BF4B-00C04F79EFBC}") = "TestProject1", "..\TestProject1\TestProject1.csproj", "{F773068B-B437-4651-833F-9A258FF658E1}"
EndProject
Global
	GlobalSection(SolutionConfigurationPlatforms) = preSolution
		Debug|Any CPU = Debug|Any CPU
		Release|Any CPU = Release|Any CPU
	EndGlobalSection
	GlobalSection(ProjectConfigurationPlatforms) = postSolution
		{4E6982E6-E289-442F-B0E5-CDDE5EF409A0}.Debug|Any CPU.ActiveCfg = Debug|Any CPU
		{4E6982E6-E289-442F-B0E5-CDDE5EF409A0}.Debug|Any CPU.Build.0 = Debug|Any CPU
		{4E6982E6-E289-442F-B0E5-CDDE5EF409A0}.Release|Any CPU.ActiveCfg = Release|Any CPU
		{4E6982E6-E289-442F-B0E5-CDDE5EF409A0}.Release|Any CPU.Build.0 = Release|Any CPU
		{F773068B-B437-4651-833F-9A258FF658E1}.Debug|Any CPU.ActiveCfg = Debug|Any CPU
		{F773068B-B437-4651-833F-9A258FF658E1}.Debug|Any CPU.Build.0 = Debug|Any CPU
		{F773068B-B437-4651-833F-9A258FF658E1}.Release|Any CPU.ActiveCfg = Release|Any CPU
		{F773068B-B437-4651-833F-9A258FF658E1}.Release|Any CPU.Build.0 = Release|Any CPU
	EndGlobalSection
	GlobalSection(SolutionProperties) = preSolution
		HideSolutionNode = FALSE
	EndGlobalSection
	GlobalSection(ExtensibilityGlobals) = postSolution
		SolutionGuid = {1600EF07-086E-40A2-9DE1-D42A014E8FBE}
	EndGlobalSection
EndGlobal
